// !$*UTF8*$!
{
	archiveVersion = 1;
	classes = {
	};
	objectVersion = 56;
	objects = {

/* Begin PBXBuildFile section */
		5E8007E42BBF143600C52C02 /* AppDelegate.swift in Sources */ = {isa = PBXBuildFile; fileRef = 5E8007E32BBF143600C52C02 /* AppDelegate.swift */; };
		5E8007E62BBF143600C52C02 /* SceneDelegate.swift in Sources */ = {isa = PBXBuildFile; fileRef = 5E8007E52BBF143600C52C02 /* SceneDelegate.swift */; };
		5E8007E82BBF143600C52C02 /* ViewController.swift in Sources */ = {isa = PBXBuildFile; fileRef = 5E8007E72BBF143600C52C02 /* ViewController.swift */; };
		5E8007ED2BBF143700C52C02 /* Assets.xcassets in Resources */ = {isa = PBXBuildFile; fileRef = 5E8007EC2BBF143700C52C02 /* Assets.xcassets */; };
		5E8007F02BBF143700C52C02 /* LaunchScreen.storyboard in Resources */ = {isa = PBXBuildFile; fileRef = 5E8007EE2BBF143700C52C02 /* LaunchScreen.storyboard */; };
		5E8007FA2BBF17F100C52C02 /* RxBlocking in Frameworks */ = {isa = PBXBuildFile; productRef = 5E8007F92BBF17F100C52C02 /* RxBlocking */; };
		5E8007FC2BBF17F100C52C02 /* RxBlocking-Dynamic in Frameworks */ = {isa = PBXBuildFile; productRef = 5E8007FB2BBF17F100C52C02 /* RxBlocking-Dynamic */; };
		5E8007FE2BBF17F100C52C02 /* RxCocoa in Frameworks */ = {isa = PBXBuildFile; productRef = 5E8007FD2BBF17F100C52C02 /* RxCocoa */; };
		5E8008002BBF17F100C52C02 /* RxCocoa-Dynamic in Frameworks */ = {isa = PBXBuildFile; productRef = 5E8007FF2BBF17F100C52C02 /* RxCocoa-Dynamic */; };
		5E8008022BBF17F100C52C02 /* RxRelay in Frameworks */ = {isa = PBXBuildFile; productRef = 5E8008012BBF17F100C52C02 /* RxRelay */; };
		5E8008052BBF187100C52C02 /* SnapKit in Frameworks */ = {isa = PBXBuildFile; productRef = 5E8008042BBF187100C52C02 /* SnapKit */; };
		5E8008072BBF187100C52C02 /* SnapKit-Dynamic in Frameworks */ = {isa = PBXBuildFile; productRef = 5E8008062BBF187100C52C02 /* SnapKit-Dynamic */; };
		5E80080A2BBF18B000C52C02 /* CombineMoya in Frameworks */ = {isa = PBXBuildFile; productRef = 5E8008092BBF18B000C52C02 /* CombineMoya */; };
		5E80080C2BBF18B000C52C02 /* Moya in Frameworks */ = {isa = PBXBuildFile; productRef = 5E80080B2BBF18B000C52C02 /* Moya */; };
		5E80080E2BBF18B000C52C02 /* ReactiveMoya in Frameworks */ = {isa = PBXBuildFile; productRef = 5E80080D2BBF18B000C52C02 /* ReactiveMoya */; };
		5E8008102BBF18B000C52C02 /* RxMoya in Frameworks */ = {isa = PBXBuildFile; productRef = 5E80080F2BBF18B000C52C02 /* RxMoya */; };
		5E8008162BBF199F00C52C02 /* ServiceProtocol.swift in Sources */ = {isa = PBXBuildFile; fileRef = 5E8008152BBF199F00C52C02 /* ServiceProtocol.swift */; };
		5E8008192BBF1A3300C52C02 /* ServiceProvider.swift in Sources */ = {isa = PBXBuildFile; fileRef = 5E8008182BBF1A3300C52C02 /* ServiceProvider.swift */; };
		5E80081D2BBF1B3C00C52C02 /* Differentiator in Frameworks */ = {isa = PBXBuildFile; productRef = 5E80081C2BBF1B3C00C52C02 /* Differentiator */; };
		5E80081F2BBF1B3C00C52C02 /* RxDataSources in Frameworks */ = {isa = PBXBuildFile; productRef = 5E80081E2BBF1B3C00C52C02 /* RxDataSources */; };
		5E8008222BBF1B8A00C52C02 /* Cocktails.swift in Sources */ = {isa = PBXBuildFile; fileRef = 5E8008212BBF1B8A00C52C02 /* Cocktails.swift */; };
		5E8008242BBF1E2500C52C02 /* CocktailsAPI.swift in Sources */ = {isa = PBXBuildFile; fileRef = 5E8008232BBF1E2500C52C02 /* CocktailsAPI.swift */; };
		5E8008272BBF1F2C00C52C02 /* DrinkCategory.swift in Sources */ = {isa = PBXBuildFile; fileRef = 5E8008262BBF1F2C00C52C02 /* DrinkCategory.swift */; };
		5E80082A2BBF20AE00C52C02 /* BaseService.swift in Sources */ = {isa = PBXBuildFile; fileRef = 5E8008292BBF20AE00C52C02 /* BaseService.swift */; };
		5E8008312BBF239B00C52C02 /* BaseViewController.swift in Sources */ = {isa = PBXBuildFile; fileRef = 5E8008302BBF239B00C52C02 /* BaseViewController.swift */; };
		5E8008332BBF271A00C52C02 /* Theme.swift in Sources */ = {isa = PBXBuildFile; fileRef = 5E8008322BBF271A00C52C02 /* Theme.swift */; };
		5E8008362BBFFFC400C52C02 /* BaseSegmentControl.swift in Sources */ = {isa = PBXBuildFile; fileRef = 5E8008352BBFFFC400C52C02 /* BaseSegmentControl.swift */; };
		5E8008382BC001F900C52C02 /* CocktailsView.swift in Sources */ = {isa = PBXBuildFile; fileRef = 5E8008372BC001F900C52C02 /* CocktailsView.swift */; };
		5E80083A2BC0040500C52C02 /* ViewModelProtocol.swift in Sources */ = {isa = PBXBuildFile; fileRef = 5E8008392BC0040500C52C02 /* ViewModelProtocol.swift */; };
		5E80083C2BC0044A00C52C02 /* ViewModel+Extension.swift in Sources */ = {isa = PBXBuildFile; fileRef = 5E80083B2BC0044A00C52C02 /* ViewModel+Extension.swift */; };
		5E8008402BC0782900C52C02 /* ViewModel.swift in Sources */ = {isa = PBXBuildFile; fileRef = 5E80083F2BC0782900C52C02 /* ViewModel.swift */; };
		5E8008432BC07ADC00C52C02 /* Then in Frameworks */ = {isa = PBXBuildFile; productRef = 5E8008422BC07ADC00C52C02 /* Then */; };
		5E8008452BC07D2C00C52C02 /* CocktailsCollectionViewCell.swift in Sources */ = {isa = PBXBuildFile; fileRef = 5E8008442BC07D2C00C52C02 /* CocktailsCollectionViewCell.swift */; };
		5E8008472BC07DD200C52C02 /* UIImageView+Extenstion.swift in Sources */ = {isa = PBXBuildFile; fileRef = 5E8008462BC07DD200C52C02 /* UIImageView+Extenstion.swift */; };
		5E8008492BC07E1500C52C02 /* CollectionModel.swift in Sources */ = {isa = PBXBuildFile; fileRef = 5E8008482BC07E1500C52C02 /* CollectionModel.swift */; };
		5E80084B2BC086BD00C52C02 /* NiblessViewController.swift in Sources */ = {isa = PBXBuildFile; fileRef = 5E80084A2BC086BD00C52C02 /* NiblessViewController.swift */; };
		5EDB68C32BC12415008724FE /* Lottie in Frameworks */ = {isa = PBXBuildFile; productRef = 5EDB68C22BC12415008724FE /* Lottie */; };
/* End PBXBuildFile section */

/* Begin PBXFileReference section */
		5E8007E02BBF143600C52C02 /* MarketPlace.app */ = {isa = PBXFileReference; explicitFileType = wrapper.application; includeInIndex = 0; path = MarketPlace.app; sourceTree = BUILT_PRODUCTS_DIR; };
		5E8007E32BBF143600C52C02 /* AppDelegate.swift */ = {isa = PBXFileReference; lastKnownFileType = sourcecode.swift; path = AppDelegate.swift; sourceTree = "<group>"; };
		5E8007E52BBF143600C52C02 /* SceneDelegate.swift */ = {isa = PBXFileReference; lastKnownFileType = sourcecode.swift; path = SceneDelegate.swift; sourceTree = "<group>"; };
		5E8007E72BBF143600C52C02 /* ViewController.swift */ = {isa = PBXFileReference; lastKnownFileType = sourcecode.swift; path = ViewController.swift; sourceTree = "<group>"; };
		5E8007EC2BBF143700C52C02 /* Assets.xcassets */ = {isa = PBXFileReference; lastKnownFileType = folder.assetcatalog; path = Assets.xcassets; sourceTree = "<group>"; };
		5E8007EF2BBF143700C52C02 /* Base */ = {isa = PBXFileReference; lastKnownFileType = file.storyboard; name = Base; path = Base.lproj/LaunchScreen.storyboard; sourceTree = "<group>"; };
		5E8007F12BBF143700C52C02 /* Info.plist */ = {isa = PBXFileReference; lastKnownFileType = text.plist.xml; path = Info.plist; sourceTree = "<group>"; };
		5E8008152BBF199F00C52C02 /* ServiceProtocol.swift */ = {isa = PBXFileReference; lastKnownFileType = sourcecode.swift; path = ServiceProtocol.swift; sourceTree = "<group>"; };
		5E8008182BBF1A3300C52C02 /* ServiceProvider.swift */ = {isa = PBXFileReference; lastKnownFileType = sourcecode.swift; path = ServiceProvider.swift; sourceTree = "<group>"; };
		5E8008212BBF1B8A00C52C02 /* Cocktails.swift */ = {isa = PBXFileReference; lastKnownFileType = sourcecode.swift; path = Cocktails.swift; sourceTree = "<group>"; };
		5E8008232BBF1E2500C52C02 /* CocktailsAPI.swift */ = {isa = PBXFileReference; lastKnownFileType = sourcecode.swift; path = CocktailsAPI.swift; sourceTree = "<group>"; };
		5E8008262BBF1F2C00C52C02 /* DrinkCategory.swift */ = {isa = PBXFileReference; lastKnownFileType = sourcecode.swift; path = DrinkCategory.swift; sourceTree = "<group>"; };
		5E8008292BBF20AE00C52C02 /* BaseService.swift */ = {isa = PBXFileReference; lastKnownFileType = sourcecode.swift; path = BaseService.swift; sourceTree = "<group>"; };
		5E8008302BBF239B00C52C02 /* BaseViewController.swift */ = {isa = PBXFileReference; lastKnownFileType = sourcecode.swift; path = BaseViewController.swift; sourceTree = "<group>"; };
		5E8008322BBF271A00C52C02 /* Theme.swift */ = {isa = PBXFileReference; lastKnownFileType = sourcecode.swift; path = Theme.swift; sourceTree = "<group>"; };
		5E8008352BBFFFC400C52C02 /* BaseSegmentControl.swift */ = {isa = PBXFileReference; lastKnownFileType = sourcecode.swift; path = BaseSegmentControl.swift; sourceTree = "<group>"; };
		5E8008372BC001F900C52C02 /* CocktailsView.swift */ = {isa = PBXFileReference; lastKnownFileType = sourcecode.swift; path = CocktailsView.swift; sourceTree = "<group>"; };
		5E8008392BC0040500C52C02 /* ViewModelProtocol.swift */ = {isa = PBXFileReference; lastKnownFileType = sourcecode.swift; path = ViewModelProtocol.swift; sourceTree = "<group>"; };
		5E80083B2BC0044A00C52C02 /* ViewModel+Extension.swift */ = {isa = PBXFileReference; lastKnownFileType = sourcecode.swift; path = "ViewModel+Extension.swift"; sourceTree = "<group>"; };
		5E80083F2BC0782900C52C02 /* ViewModel.swift */ = {isa = PBXFileReference; lastKnownFileType = sourcecode.swift; path = ViewModel.swift; sourceTree = "<group>"; };
		5E8008442BC07D2C00C52C02 /* CocktailsCollectionViewCell.swift */ = {isa = PBXFileReference; lastKnownFileType = sourcecode.swift; path = CocktailsCollectionViewCell.swift; sourceTree = "<group>"; };
		5E8008462BC07DD200C52C02 /* UIImageView+Extenstion.swift */ = {isa = PBXFileReference; lastKnownFileType = sourcecode.swift; path = "UIImageView+Extenstion.swift"; sourceTree = "<group>"; };
		5E8008482BC07E1500C52C02 /* CollectionModel.swift */ = {isa = PBXFileReference; lastKnownFileType = sourcecode.swift; path = CollectionModel.swift; sourceTree = "<group>"; };
		5E80084A2BC086BD00C52C02 /* NiblessViewController.swift */ = {isa = PBXFileReference; lastKnownFileType = sourcecode.swift; path = NiblessViewController.swift; sourceTree = "<group>"; };
/* End PBXFileReference section */

/* Begin PBXFrameworksBuildPhase section */
		5E8007DD2BBF143600C52C02 /* Frameworks */ = {
			isa = PBXFrameworksBuildPhase;
			buildActionMask = 2147483647;
			files = (
				5E8008022BBF17F100C52C02 /* RxRelay in Frameworks */,
				5E80081F2BBF1B3C00C52C02 /* RxDataSources in Frameworks */,
				5E8008002BBF17F100C52C02 /* RxCocoa-Dynamic in Frameworks */,
				5E8008432BC07ADC00C52C02 /* Then in Frameworks */,
				5E80080C2BBF18B000C52C02 /* Moya in Frameworks */,
				5EDB68C32BC12415008724FE /* Lottie in Frameworks */,
				5E8008102BBF18B000C52C02 /* RxMoya in Frameworks */,
				5E80081D2BBF1B3C00C52C02 /* Differentiator in Frameworks */,
				5E80080E2BBF18B000C52C02 /* ReactiveMoya in Frameworks */,
				5E8007FE2BBF17F100C52C02 /* RxCocoa in Frameworks */,
				5E8008052BBF187100C52C02 /* SnapKit in Frameworks */,
				5E8007FA2BBF17F100C52C02 /* RxBlocking in Frameworks */,
				5E8008072BBF187100C52C02 /* SnapKit-Dynamic in Frameworks */,
				5E80080A2BBF18B000C52C02 /* CombineMoya in Frameworks */,
				5E8007FC2BBF17F100C52C02 /* RxBlocking-Dynamic in Frameworks */,
			);
			runOnlyForDeploymentPostprocessing = 0;
		};
/* End PBXFrameworksBuildPhase section */

/* Begin PBXGroup section */
		5E8007D72BBF143600C52C02 = {
			isa = PBXGroup;
			children = (
				5E8007E22BBF143600C52C02 /* MarketPlace */,
				5E8007E12BBF143600C52C02 /* Products */,
			);
			sourceTree = "<group>";
		};
		5E8007E12BBF143600C52C02 /* Products */ = {
			isa = PBXGroup;
			children = (
				5E8007E02BBF143600C52C02 /* MarketPlace.app */,
			);
			name = Products;
			sourceTree = "<group>";
		};
		5E8007E22BBF143600C52C02 /* MarketPlace */ = {
			isa = PBXGroup;
			children = (
				5E80082D2BBF22BC00C52C02 /* Extension */,
				5E80082C2BBF221000C52C02 /* AppDelegate */,
				5E8008112BBF18BB00C52C02 /* Networking Layer */,
				5E8007F72BBF177700C52C02 /* Modules */,
				5E8007EC2BBF143700C52C02 /* Assets.xcassets */,
				5E8007EE2BBF143700C52C02 /* LaunchScreen.storyboard */,
				5E80082B2BBF21DF00C52C02 /* Common */,
			);
			path = MarketPlace;
			sourceTree = "<group>";
		};
		5E8007F72BBF177700C52C02 /* Modules */ = {
			isa = PBXGroup;
			children = (
				5E80083E2BC0781C00C52C02 /* ViewModel */,
				5E80083D2BC077F600C52C02 /* Contoller */,
				5E8008342BBFFFAE00C52C02 /* View */,
				5E8008252BBF1EC200C52C02 /* Models */,
			);
			path = Modules;
			sourceTree = "<group>";
		};
		5E8008112BBF18BB00C52C02 /* Networking Layer */ = {
			isa = PBXGroup;
			children = (
				5E8008142BBF198200C52C02 /* API */,
				5E8008132BBF18DE00C52C02 /* Service */,
				5E8008122BBF18D100C52C02 /* Models */,
			);
			path = "Networking Layer";
			sourceTree = "<group>";
		};
		5E8008122BBF18D100C52C02 /* Models */ = {
			isa = PBXGroup;
			children = (
				5E80081A2BBF1ACD00C52C02 /* Response */,
			);
			path = Models;
			sourceTree = "<group>";
		};
		5E8008132BBF18DE00C52C02 /* Service */ = {
			isa = PBXGroup;
			children = (
				5E8008282BBF207F00C52C02 /* ServiceObj */,
				5E8008172BBF1A1100C52C02 /* ServiceProvider */,
				5E8008152BBF199F00C52C02 /* ServiceProtocol.swift */,
			);
			path = Service;
			sourceTree = "<group>";
		};
		5E8008142BBF198200C52C02 /* API */ = {
			isa = PBXGroup;
			children = (
				5E8008232BBF1E2500C52C02 /* CocktailsAPI.swift */,
			);
			path = API;
			sourceTree = "<group>";
		};
		5E8008172BBF1A1100C52C02 /* ServiceProvider */ = {
			isa = PBXGroup;
			children = (
				5E8008182BBF1A3300C52C02 /* ServiceProvider.swift */,
			);
			path = ServiceProvider;
			sourceTree = "<group>";
		};
		5E80081A2BBF1ACD00C52C02 /* Response */ = {
			isa = PBXGroup;
			children = (
				5E8008212BBF1B8A00C52C02 /* Cocktails.swift */,
			);
			path = Response;
			sourceTree = "<group>";
		};
		5E8008252BBF1EC200C52C02 /* Models */ = {
			isa = PBXGroup;
			children = (
				5E8008262BBF1F2C00C52C02 /* DrinkCategory.swift */,
				5E8008482BC07E1500C52C02 /* CollectionModel.swift */,
			);
			path = Models;
			sourceTree = "<group>";
		};
		5E8008282BBF207F00C52C02 /* ServiceObj */ = {
			isa = PBXGroup;
			children = (
				5E8008292BBF20AE00C52C02 /* BaseService.swift */,
			);
			path = ServiceObj;
			sourceTree = "<group>";
		};
		5E80082B2BBF21DF00C52C02 /* Common */ = {
			isa = PBXGroup;
			children = (
				5E8007F12BBF143700C52C02 /* Info.plist */,
				5E8008322BBF271A00C52C02 /* Theme.swift */,
			);
			path = Common;
			sourceTree = "<group>";
		};
		5E80082C2BBF221000C52C02 /* AppDelegate */ = {
			isa = PBXGroup;
			children = (
				5E8007E32BBF143600C52C02 /* AppDelegate.swift */,
				5E8007E52BBF143600C52C02 /* SceneDelegate.swift */,
			);
			path = AppDelegate;
			sourceTree = "<group>";
		};
		5E80082D2BBF22BC00C52C02 /* Extension */ = {
			isa = PBXGroup;
			children = (
				5E8008302BBF239B00C52C02 /* BaseViewController.swift */,
				5E8008392BC0040500C52C02 /* ViewModelProtocol.swift */,
				5E80083B2BC0044A00C52C02 /* ViewModel+Extension.swift */,
				5E8008462BC07DD200C52C02 /* UIImageView+Extenstion.swift */,
				5E80084A2BC086BD00C52C02 /* NiblessViewController.swift */,
			);
			path = Extension;
			sourceTree = "<group>";
		};
		5E8008342BBFFFAE00C52C02 /* View */ = {
			isa = PBXGroup;
			children = (
				5E8008352BBFFFC400C52C02 /* BaseSegmentControl.swift */,
				5E8008372BC001F900C52C02 /* CocktailsView.swift */,
				5E8008442BC07D2C00C52C02 /* CocktailsCollectionViewCell.swift */,
			);
			path = View;
			sourceTree = "<group>";
		};
		5E80083D2BC077F600C52C02 /* Contoller */ = {
			isa = PBXGroup;
			children = (
				5E8007E72BBF143600C52C02 /* ViewController.swift */,
			);
			path = Contoller;
			sourceTree = "<group>";
		};
		5E80083E2BC0781C00C52C02 /* ViewModel */ = {
			isa = PBXGroup;
			children = (
				5E80083F2BC0782900C52C02 /* ViewModel.swift */,
			);
			path = ViewModel;
			sourceTree = "<group>";
		};
/* End PBXGroup section */

/* Begin PBXNativeTarget section */
		5E8007DF2BBF143600C52C02 /* MarketPlace */ = {
			isa = PBXNativeTarget;
			buildConfigurationList = 5E8007F42BBF143700C52C02 /* Build configuration list for PBXNativeTarget "MarketPlace" */;
			buildPhases = (
				5E8007DC2BBF143600C52C02 /* Sources */,
				5E8007DD2BBF143600C52C02 /* Frameworks */,
				5E8007DE2BBF143600C52C02 /* Resources */,
			);
			buildRules = (
			);
			dependencies = (
			);
			name = MarketPlace;
			packageProductDependencies = (
				5E8007F92BBF17F100C52C02 /* RxBlocking */,
				5E8007FB2BBF17F100C52C02 /* RxBlocking-Dynamic */,
				5E8007FD2BBF17F100C52C02 /* RxCocoa */,
				5E8007FF2BBF17F100C52C02 /* RxCocoa-Dynamic */,
				5E8008012BBF17F100C52C02 /* RxRelay */,
				5E8008042BBF187100C52C02 /* SnapKit */,
				5E8008062BBF187100C52C02 /* SnapKit-Dynamic */,
				5E8008092BBF18B000C52C02 /* CombineMoya */,
				5E80080B2BBF18B000C52C02 /* Moya */,
				5E80080D2BBF18B000C52C02 /* ReactiveMoya */,
				5E80080F2BBF18B000C52C02 /* RxMoya */,
				5E80081C2BBF1B3C00C52C02 /* Differentiator */,
				5E80081E2BBF1B3C00C52C02 /* RxDataSources */,
				5E8008422BC07ADC00C52C02 /* Then */,
				5EDB68C22BC12415008724FE /* Lottie */,
			);
			productName = MarketPlace;
			productReference = 5E8007E02BBF143600C52C02 /* MarketPlace.app */;
			productType = "com.apple.product-type.application";
		};
/* End PBXNativeTarget section */

/* Begin PBXProject section */
		5E8007D82BBF143600C52C02 /* Project object */ = {
			isa = PBXProject;
			attributes = {
				BuildIndependentTargetsInParallel = 1;
				LastSwiftUpdateCheck = 1520;
				LastUpgradeCheck = 1520;
				TargetAttributes = {
					5E8007DF2BBF143600C52C02 = {
						CreatedOnToolsVersion = 15.2;
					};
				};
			};
			buildConfigurationList = 5E8007DB2BBF143600C52C02 /* Build configuration list for PBXProject "MarketPlace" */;
			compatibilityVersion = "Xcode 14.0";
			developmentRegion = en;
			hasScannedForEncodings = 0;
			knownRegions = (
				en,
				Base,
			);
			mainGroup = 5E8007D72BBF143600C52C02;
			packageReferences = (
				5E8007F82BBF17F100C52C02 /* XCRemoteSwiftPackageReference "RxSwift" */,
				5E8008032BBF187100C52C02 /* XCRemoteSwiftPackageReference "SnapKit" */,
				5E8008082BBF18B000C52C02 /* XCRemoteSwiftPackageReference "Moya" */,
				5E80081B2BBF1B3C00C52C02 /* XCRemoteSwiftPackageReference "RxDataSources" */,
				5E8008412BC07ADC00C52C02 /* XCRemoteSwiftPackageReference "Then" */,
				5EDB68C12BC12415008724FE /* XCRemoteSwiftPackageReference "lottie-ios" */,
			);
			productRefGroup = 5E8007E12BBF143600C52C02 /* Products */;
			projectDirPath = "";
			projectRoot = "";
			targets = (
				5E8007DF2BBF143600C52C02 /* MarketPlace */,
			);
		};
/* End PBXProject section */

/* Begin PBXResourcesBuildPhase section */
		5E8007DE2BBF143600C52C02 /* Resources */ = {
			isa = PBXResourcesBuildPhase;
			buildActionMask = 2147483647;
			files = (
				5E8007F02BBF143700C52C02 /* LaunchScreen.storyboard in Resources */,
				5E8007ED2BBF143700C52C02 /* Assets.xcassets in Resources */,
			);
			runOnlyForDeploymentPostprocessing = 0;
		};
/* End PBXResourcesBuildPhase section */

/* Begin PBXSourcesBuildPhase section */
		5E8007DC2BBF143600C52C02 /* Sources */ = {
			isa = PBXSourcesBuildPhase;
			buildActionMask = 2147483647;
			files = (
				5E8007E82BBF143600C52C02 /* ViewController.swift in Sources */,
				5E8008242BBF1E2500C52C02 /* CocktailsAPI.swift in Sources */,
				5E8008312BBF239B00C52C02 /* BaseViewController.swift in Sources */,
				5E8008192BBF1A3300C52C02 /* ServiceProvider.swift in Sources */,
				5E8007E42BBF143600C52C02 /* AppDelegate.swift in Sources */,
				5E8008362BBFFFC400C52C02 /* BaseSegmentControl.swift in Sources */,
				5E8008402BC0782900C52C02 /* ViewModel.swift in Sources */,
				5E80083C2BC0044A00C52C02 /* ViewModel+Extension.swift in Sources */,
				5E8008272BBF1F2C00C52C02 /* DrinkCategory.swift in Sources */,
				5E8008492BC07E1500C52C02 /* CollectionModel.swift in Sources */,
				5E8008222BBF1B8A00C52C02 /* Cocktails.swift in Sources */,
				5E8008452BC07D2C00C52C02 /* CocktailsCollectionViewCell.swift in Sources */,
				5E8007E62BBF143600C52C02 /* SceneDelegate.swift in Sources */,
				5E8008382BC001F900C52C02 /* CocktailsView.swift in Sources */,
				5E80083A2BC0040500C52C02 /* ViewModelProtocol.swift in Sources */,
				5E8008332BBF271A00C52C02 /* Theme.swift in Sources */,
				5E8008472BC07DD200C52C02 /* UIImageView+Extenstion.swift in Sources */,
				5E80084B2BC086BD00C52C02 /* NiblessViewController.swift in Sources */,
				5E8008162BBF199F00C52C02 /* ServiceProtocol.swift in Sources */,
				5E80082A2BBF20AE00C52C02 /* BaseService.swift in Sources */,
			);
			runOnlyForDeploymentPostprocessing = 0;
		};
/* End PBXSourcesBuildPhase section */

/* Begin PBXVariantGroup section */
		5E8007EE2BBF143700C52C02 /* LaunchScreen.storyboard */ = {
			isa = PBXVariantGroup;
			children = (
				5E8007EF2BBF143700C52C02 /* Base */,
			);
			name = LaunchScreen.storyboard;
			sourceTree = "<group>";
		};
/* End PBXVariantGroup section */

/* Begin XCBuildConfiguration section */
		5E8007F22BBF143700C52C02 /* Debug */ = {
			isa = XCBuildConfiguration;
			buildSettings = {
				ALWAYS_SEARCH_USER_PATHS = NO;
				ASSETCATALOG_COMPILER_GENERATE_SWIFT_ASSET_SYMBOL_EXTENSIONS = YES;
				CLANG_ANALYZER_NONNULL = YES;
				CLANG_ANALYZER_NUMBER_OBJECT_CONVERSION = YES_AGGRESSIVE;
				CLANG_CXX_LANGUAGE_STANDARD = "gnu++20";
				CLANG_ENABLE_MODULES = YES;
				CLANG_ENABLE_OBJC_ARC = YES;
				CLANG_ENABLE_OBJC_WEAK = YES;
				CLANG_WARN_BLOCK_CAPTURE_AUTORELEASING = YES;
				CLANG_WARN_BOOL_CONVERSION = YES;
				CLANG_WARN_COMMA = YES;
				CLANG_WARN_CONSTANT_CONVERSION = YES;
				CLANG_WARN_DEPRECATED_OBJC_IMPLEMENTATIONS = YES;
				CLANG_WARN_DIRECT_OBJC_ISA_USAGE = YES_ERROR;
				CLANG_WARN_DOCUMENTATION_COMMENTS = YES;
				CLANG_WARN_EMPTY_BODY = YES;
				CLANG_WARN_ENUM_CONVERSION = YES;
				CLANG_WARN_INFINITE_RECURSION = YES;
				CLANG_WARN_INT_CONVERSION = YES;
				CLANG_WARN_NON_LITERAL_NULL_CONVERSION = YES;
				CLANG_WARN_OBJC_IMPLICIT_RETAIN_SELF = YES;
				CLANG_WARN_OBJC_LITERAL_CONVERSION = YES;
				CLANG_WARN_OBJC_ROOT_CLASS = YES_ERROR;
				CLANG_WARN_QUOTED_INCLUDE_IN_FRAMEWORK_HEADER = YES;
				CLANG_WARN_RANGE_LOOP_ANALYSIS = YES;
				CLANG_WARN_STRICT_PROTOTYPES = YES;
				CLANG_WARN_SUSPICIOUS_MOVE = YES;
				CLANG_WARN_UNGUARDED_AVAILABILITY = YES_AGGRESSIVE;
				CLANG_WARN_UNREACHABLE_CODE = YES;
				CLANG_WARN__DUPLICATE_METHOD_MATCH = YES;
				COPY_PHASE_STRIP = NO;
				DEBUG_INFORMATION_FORMAT = dwarf;
				ENABLE_STRICT_OBJC_MSGSEND = YES;
				ENABLE_TESTABILITY = YES;
				ENABLE_USER_SCRIPT_SANDBOXING = YES;
				GCC_C_LANGUAGE_STANDARD = gnu17;
				GCC_DYNAMIC_NO_PIC = NO;
				GCC_NO_COMMON_BLOCKS = YES;
				GCC_OPTIMIZATION_LEVEL = 0;
				GCC_PREPROCESSOR_DEFINITIONS = (
					"DEBUG=1",
					"$(inherited)",
				);
				GCC_WARN_64_TO_32_BIT_CONVERSION = YES;
				GCC_WARN_ABOUT_RETURN_TYPE = YES_ERROR;
				GCC_WARN_UNDECLARED_SELECTOR = YES;
				GCC_WARN_UNINITIALIZED_AUTOS = YES_AGGRESSIVE;
				GCC_WARN_UNUSED_FUNCTION = YES;
				GCC_WARN_UNUSED_VARIABLE = YES;
				IPHONEOS_DEPLOYMENT_TARGET = 17.2;
				LOCALIZATION_PREFERS_STRING_CATALOGS = YES;
				MTL_ENABLE_DEBUG_INFO = INCLUDE_SOURCE;
				MTL_FAST_MATH = YES;
				ONLY_ACTIVE_ARCH = YES;
				SDKROOT = iphoneos;
				SWIFT_ACTIVE_COMPILATION_CONDITIONS = "DEBUG $(inherited)";
				SWIFT_OPTIMIZATION_LEVEL = "-Onone";
			};
			name = Debug;
		};
		5E8007F32BBF143700C52C02 /* Release */ = {
			isa = XCBuildConfiguration;
			buildSettings = {
				ALWAYS_SEARCH_USER_PATHS = NO;
				ASSETCATALOG_COMPILER_GENERATE_SWIFT_ASSET_SYMBOL_EXTENSIONS = YES;
				CLANG_ANALYZER_NONNULL = YES;
				CLANG_ANALYZER_NUMBER_OBJECT_CONVERSION = YES_AGGRESSIVE;
				CLANG_CXX_LANGUAGE_STANDARD = "gnu++20";
				CLANG_ENABLE_MODULES = YES;
				CLANG_ENABLE_OBJC_ARC = YES;
				CLANG_ENABLE_OBJC_WEAK = YES;
				CLANG_WARN_BLOCK_CAPTURE_AUTORELEASING = YES;
				CLANG_WARN_BOOL_CONVERSION = YES;
				CLANG_WARN_COMMA = YES;
				CLANG_WARN_CONSTANT_CONVERSION = YES;
				CLANG_WARN_DEPRECATED_OBJC_IMPLEMENTATIONS = YES;
				CLANG_WARN_DIRECT_OBJC_ISA_USAGE = YES_ERROR;
				CLANG_WARN_DOCUMENTATION_COMMENTS = YES;
				CLANG_WARN_EMPTY_BODY = YES;
				CLANG_WARN_ENUM_CONVERSION = YES;
				CLANG_WARN_INFINITE_RECURSION = YES;
				CLANG_WARN_INT_CONVERSION = YES;
				CLANG_WARN_NON_LITERAL_NULL_CONVERSION = YES;
				CLANG_WARN_OBJC_IMPLICIT_RETAIN_SELF = YES;
				CLANG_WARN_OBJC_LITERAL_CONVERSION = YES;
				CLANG_WARN_OBJC_ROOT_CLASS = YES_ERROR;
				CLANG_WARN_QUOTED_INCLUDE_IN_FRAMEWORK_HEADER = YES;
				CLANG_WARN_RANGE_LOOP_ANALYSIS = YES;
				CLANG_WARN_STRICT_PROTOTYPES = YES;
				CLANG_WARN_SUSPICIOUS_MOVE = YES;
				CLANG_WARN_UNGUARDED_AVAILABILITY = YES_AGGRESSIVE;
				CLANG_WARN_UNREACHABLE_CODE = YES;
				CLANG_WARN__DUPLICATE_METHOD_MATCH = YES;
				COPY_PHASE_STRIP = NO;
				DEBUG_INFORMATION_FORMAT = "dwarf-with-dsym";
				ENABLE_NS_ASSERTIONS = NO;
				ENABLE_STRICT_OBJC_MSGSEND = YES;
				ENABLE_USER_SCRIPT_SANDBOXING = YES;
				GCC_C_LANGUAGE_STANDARD = gnu17;
				GCC_NO_COMMON_BLOCKS = YES;
				GCC_WARN_64_TO_32_BIT_CONVERSION = YES;
				GCC_WARN_ABOUT_RETURN_TYPE = YES_ERROR;
				GCC_WARN_UNDECLARED_SELECTOR = YES;
				GCC_WARN_UNINITIALIZED_AUTOS = YES_AGGRESSIVE;
				GCC_WARN_UNUSED_FUNCTION = YES;
				GCC_WARN_UNUSED_VARIABLE = YES;
				IPHONEOS_DEPLOYMENT_TARGET = 17.2;
				LOCALIZATION_PREFERS_STRING_CATALOGS = YES;
				MTL_ENABLE_DEBUG_INFO = NO;
				MTL_FAST_MATH = YES;
				SDKROOT = iphoneos;
				SWIFT_COMPILATION_MODE = wholemodule;
				VALIDATE_PRODUCT = YES;
			};
			name = Release;
		};
		5E8007F52BBF143700C52C02 /* Debug */ = {
			isa = XCBuildConfiguration;
			buildSettings = {
				ASSETCATALOG_COMPILER_APPICON_NAME = AppIcon;
				ASSETCATALOG_COMPILER_GLOBAL_ACCENT_COLOR_NAME = AccentColor;
				CODE_SIGN_IDENTITY = "Apple Development";
				CODE_SIGN_STYLE = Automatic;
				CURRENT_PROJECT_VERSION = 1;
				DEVELOPMENT_TEAM = 87SSGGH7S6;
				GENERATE_INFOPLIST_FILE = YES;
				INFOPLIST_FILE = MarketPlace/Common/Info.plist;
				INFOPLIST_KEY_UIApplicationSupportsIndirectInputEvents = YES;
				INFOPLIST_KEY_UILaunchStoryboardName = LaunchScreen;
				INFOPLIST_KEY_UISupportedInterfaceOrientations_iPad = "UIInterfaceOrientationPortrait UIInterfaceOrientationPortraitUpsideDown UIInterfaceOrientationLandscapeLeft UIInterfaceOrientationLandscapeRight";
				INFOPLIST_KEY_UISupportedInterfaceOrientations_iPhone = "UIInterfaceOrientationPortrait UIInterfaceOrientationLandscapeLeft UIInterfaceOrientationLandscapeRight";
				LD_RUNPATH_SEARCH_PATHS = (
					"$(inherited)",
					"@executable_path/Frameworks",
				);
				MARKETING_VERSION = 1.0;
				PRODUCT_BUNDLE_IDENTIFIER = marketPlace.MarketPlace;
				PRODUCT_NAME = "$(TARGET_NAME)";
				PROVISIONING_PROFILE_SPECIFIER = "";
				SWIFT_EMIT_LOC_STRINGS = YES;
				SWIFT_VERSION = 5.0;
				TARGETED_DEVICE_FAMILY = "1,2";
			};
			name = Debug;
		};
		5E8007F62BBF143700C52C02 /* Release */ = {
			isa = XCBuildConfiguration;
			buildSettings = {
				ASSETCATALOG_COMPILER_APPICON_NAME = AppIcon;
				ASSETCATALOG_COMPILER_GLOBAL_ACCENT_COLOR_NAME = AccentColor;
				CODE_SIGN_IDENTITY = "Apple Development";
				CODE_SIGN_STYLE = Automatic;
				CURRENT_PROJECT_VERSION = 1;
				DEVELOPMENT_TEAM = 87SSGGH7S6;
				GENERATE_INFOPLIST_FILE = YES;
				INFOPLIST_FILE = MarketPlace/Common/Info.plist;
				INFOPLIST_KEY_UIApplicationSupportsIndirectInputEvents = YES;
				INFOPLIST_KEY_UILaunchStoryboardName = LaunchScreen;
				INFOPLIST_KEY_UISupportedInterfaceOrientations_iPad = "UIInterfaceOrientationPortrait UIInterfaceOrientationPortraitUpsideDown UIInterfaceOrientationLandscapeLeft UIInterfaceOrientationLandscapeRight";
				INFOPLIST_KEY_UISupportedInterfaceOrientations_iPhone = "UIInterfaceOrientationPortrait UIInterfaceOrientationLandscapeLeft UIInterfaceOrientationLandscapeRight";
				LD_RUNPATH_SEARCH_PATHS = (
					"$(inherited)",
					"@executable_path/Frameworks",
				);
				MARKETING_VERSION = 1.0;
				PRODUCT_BUNDLE_IDENTIFIER = marketPlace.MarketPlace;
				PRODUCT_NAME = "$(TARGET_NAME)";
				PROVISIONING_PROFILE_SPECIFIER = "";
				SWIFT_EMIT_LOC_STRINGS = YES;
				SWIFT_VERSION = 5.0;
				TARGETED_DEVICE_FAMILY = "1,2";
			};
			name = Release;
		};
/* End XCBuildConfiguration section */

/* Begin XCConfigurationList section */
		5E8007DB2BBF143600C52C02 /* Build configuration list for PBXProject "MarketPlace" */ = {
			isa = XCConfigurationList;
			buildConfigurations = (
				5E8007F22BBF143700C52C02 /* Debug */,
				5E8007F32BBF143700C52C02 /* Release */,
			);
			defaultConfigurationIsVisible = 0;
			defaultConfigurationName = Release;
		};
		5E8007F42BBF143700C52C02 /* Build configuration list for PBXNativeTarget "MarketPlace" */ = {
			isa = XCConfigurationList;
			buildConfigurations = (
				5E8007F52BBF143700C52C02 /* Debug */,
				5E8007F62BBF143700C52C02 /* Release */,
			);
			defaultConfigurationIsVisible = 0;
			defaultConfigurationName = Release;
		};
/* End XCConfigurationList section */

/* Begin XCRemoteSwiftPackageReference section */
		5E8007F82BBF17F100C52C02 /* XCRemoteSwiftPackageReference "RxSwift" */ = {
			isa = XCRemoteSwiftPackageReference;
			repositoryURL = "https://github.com/ReactiveX/RxSwift";
			requirement = {
				kind = upToNextMajorVersion;
				minimumVersion = 6.6.0;
			};
		};
		5E8008032BBF187100C52C02 /* XCRemoteSwiftPackageReference "SnapKit" */ = {
			isa = XCRemoteSwiftPackageReference;
			repositoryURL = "https://github.com/SnapKit/SnapKit";
			requirement = {
				kind = upToNextMajorVersion;
				minimumVersion = 5.7.1;
			};
		};
		5E8008082BBF18B000C52C02 /* XCRemoteSwiftPackageReference "Moya" */ = {
			isa = XCRemoteSwiftPackageReference;
			repositoryURL = "https://github.com/Moya/Moya";
			requirement = {
				kind = upToNextMajorVersion;
				minimumVersion = 15.0.3;
			};
		};
		5E80081B2BBF1B3C00C52C02 /* XCRemoteSwiftPackageReference "RxDataSources" */ = {
			isa = XCRemoteSwiftPackageReference;
			repositoryURL = "https://github.com/RxSwiftCommunity/RxDataSources";
			requirement = {
				kind = upToNextMajorVersion;
				minimumVersion = 5.0.2;
			};
		};
		5E8008412BC07ADC00C52C02 /* XCRemoteSwiftPackageReference "Then" */ = {
			isa = XCRemoteSwiftPackageReference;
			repositoryURL = "https://github.com/devxoul/Then";
			requirement = {
				kind = upToNextMajorVersion;
				minimumVersion = 3.0.0;
			};
		};
		5EDB68C12BC12415008724FE /* XCRemoteSwiftPackageReference "lottie-ios" */ = {
			isa = XCRemoteSwiftPackageReference;
			repositoryURL = "https://github.com/airbnb/lottie-ios";
			requirement = {
				kind = upToNextMajorVersion;
				minimumVersion = 4.4.2;
			};
		};
/* End XCRemoteSwiftPackageReference section */

/* Begin XCSwiftPackageProductDependency section */
		5E8007F92BBF17F100C52C02 /* RxBlocking */ = {
			isa = XCSwiftPackageProductDependency;
			package = 5E8007F82BBF17F100C52C02 /* XCRemoteSwiftPackageReference "RxSwift" */;
			productName = RxBlocking;
		};
		5E8007FB2BBF17F100C52C02 /* RxBlocking-Dynamic */ = {
			isa = XCSwiftPackageProductDependency;
			package = 5E8007F82BBF17F100C52C02 /* XCRemoteSwiftPackageReference "RxSwift" */;
			productName = "RxBlocking-Dynamic";
		};
		5E8007FD2BBF17F100C52C02 /* RxCocoa */ = {
			isa = XCSwiftPackageProductDependency;
			package = 5E8007F82BBF17F100C52C02 /* XCRemoteSwiftPackageReference "RxSwift" */;
			productName = RxCocoa;
		};
		5E8007FF2BBF17F100C52C02 /* RxCocoa-Dynamic */ = {
			isa = XCSwiftPackageProductDependency;
			package = 5E8007F82BBF17F100C52C02 /* XCRemoteSwiftPackageReference "RxSwift" */;
			productName = "RxCocoa-Dynamic";
		};
		5E8008012BBF17F100C52C02 /* RxRelay */ = {
			isa = XCSwiftPackageProductDependency;
			package = 5E8007F82BBF17F100C52C02 /* XCRemoteSwiftPackageReference "RxSwift" */;
			productName = RxRelay;
		};
		5E8008042BBF187100C52C02 /* SnapKit */ = {
			isa = XCSwiftPackageProductDependency;
			package = 5E8008032BBF187100C52C02 /* XCRemoteSwiftPackageReference "SnapKit" */;
			productName = SnapKit;
		};
		5E8008062BBF187100C52C02 /* SnapKit-Dynamic */ = {
			isa = XCSwiftPackageProductDependency;
			package = 5E8008032BBF187100C52C02 /* XCRemoteSwiftPackageReference "SnapKit" */;
			productName = "SnapKit-Dynamic";
		};
		5E8008092BBF18B000C52C02 /* CombineMoya */ = {
			isa = XCSwiftPackageProductDependency;
			package = 5E8008082BBF18B000C52C02 /* XCRemoteSwiftPackageReference "Moya" */;
			productName = CombineMoya;
		};
		5E80080B2BBF18B000C52C02 /* Moya */ = {
			isa = XCSwiftPackageProductDependency;
			package = 5E8008082BBF18B000C52C02 /* XCRemoteSwiftPackageReference "Moya" */;
			productName = Moya;
		};
		5E80080D2BBF18B000C52C02 /* ReactiveMoya */ = {
			isa = XCSwiftPackageProductDependency;
			package = 5E8008082BBF18B000C52C02 /* XCRemoteSwiftPackageReference "Moya" */;
			productName = ReactiveMoya;
		};
		5E80080F2BBF18B000C52C02 /* RxMoya */ = {
			isa = XCSwiftPackageProductDependency;
			package = 5E8008082BBF18B000C52C02 /* XCRemoteSwiftPackageReference "Moya" */;
			productName = RxMoya;
		};
		5E80081C2BBF1B3C00C52C02 /* Differentiator */ = {
			isa = XCSwiftPackageProductDependency;
			package = 5E80081B2BBF1B3C00C52C02 /* XCRemoteSwiftPackageReference "RxDataSources" */;
			productName = Differentiator;
		};
		5E80081E2BBF1B3C00C52C02 /* RxDataSources */ = {
			isa = XCSwiftPackageProductDependency;
			package = 5E80081B2BBF1B3C00C52C02 /* XCRemoteSwiftPackageReference "RxDataSources" */;
			productName = RxDataSources;
		};
		5E8008422BC07ADC00C52C02 /* Then */ = {
			isa = XCSwiftPackageProductDependency;
			package = 5E8008412BC07ADC00C52C02 /* XCRemoteSwiftPackageReference "Then" */;
			productName = Then;
		};
		5EDB68C22BC12415008724FE /* Lottie */ = {
			isa = XCSwiftPackageProductDependency;
			package = 5EDB68C12BC12415008724FE /* XCRemoteSwiftPackageReference "lottie-ios" */;
			productName = Lottie;
		};
/* End XCSwiftPackageProductDependency section */
	};
	rootObject = 5E8007D82BBF143600C52C02 /* Project object */;
}
